// !$*UTF8*$!
{
	archiveVersion = 1;
	classes = {
	};
	objectVersion = 51;
	objects = {

/* Begin PBXBuildFile section */
		AC594D989AD91D094F7D2F1A /* Pods_CursoIOS_Advanced.framework in Frameworks */ = {isa = PBXBuildFile; fileRef = 9BDD690CC8DE190F301BDB7A /* Pods_CursoIOS_Advanced.framework */; };
		D941B9212346488800194D64 /* Assets.xcassets in Resources */ = {isa = PBXBuildFile; fileRef = D941B9202346488800194D64 /* Assets.xcassets */; };
		D941B92423464B9900194D64 /* Splash.storyboard in Resources */ = {isa = PBXBuildFile; fileRef = D941B92323464B9900194D64 /* Splash.storyboard */; };
		D941B9262346515200194D64 /* UsersViewController.swift in Sources */ = {isa = PBXBuildFile; fileRef = D941B9252346515200194D64 /* UsersViewController.swift */; };
		D941B92C234663C500194D64 /* PersonTableViewCell.swift in Sources */ = {isa = PBXBuildFile; fileRef = D941B92A234663C500194D64 /* PersonTableViewCell.swift */; };
		D941B92D234663C500194D64 /* PersonTableViewCell.xib in Resources */ = {isa = PBXBuildFile; fileRef = D941B92B234663C500194D64 /* PersonTableViewCell.xib */; };
		D941B932234666D600194D64 /* UIView+Utils.swift in Sources */ = {isa = PBXBuildFile; fileRef = D941B931234666D600194D64 /* UIView+Utils.swift */; };
		D941B935234667DA00194D64 /* PersonCollectionViewCell.swift in Sources */ = {isa = PBXBuildFile; fileRef = D941B933234667DA00194D64 /* PersonCollectionViewCell.swift */; };
		D941B936234667DA00194D64 /* PersonCollectionViewCell.xib in Resources */ = {isa = PBXBuildFile; fileRef = D941B934234667DA00194D64 /* PersonCollectionViewCell.xib */; };
		D9C4CBED234525A8009BCB55 /* AppDelegate.swift in Sources */ = {isa = PBXBuildFile; fileRef = D9C4CBEC234525A8009BCB55 /* AppDelegate.swift */; };
		D9C4CBEF234525A8009BCB55 /* SceneDelegate.swift in Sources */ = {isa = PBXBuildFile; fileRef = D9C4CBEE234525A8009BCB55 /* SceneDelegate.swift */; };
		D9C4CBF1234525A8009BCB55 /* SplashViewController.swift in Sources */ = {isa = PBXBuildFile; fileRef = D9C4CBF0234525A8009BCB55 /* SplashViewController.swift */; };
		D9C4CBF4234525A8009BCB55 /* Main.storyboard in Resources */ = {isa = PBXBuildFile; fileRef = D9C4CBF2234525A8009BCB55 /* Main.storyboard */; };
		D9C4CBF9234525AA009BCB55 /* LaunchScreen.storyboard in Resources */ = {isa = PBXBuildFile; fileRef = D9C4CBF7234525AA009BCB55 /* LaunchScreen.storyboard */; };
/* End PBXBuildFile section */

/* Begin PBXFileReference section */
		3E334555EE7CE85D968BD66E /* Pods-CursoIOS_Advanced.debug.xcconfig */ = {isa = PBXFileReference; includeInIndex = 1; lastKnownFileType = text.xcconfig; name = "Pods-CursoIOS_Advanced.debug.xcconfig"; path = "Target Support Files/Pods-CursoIOS_Advanced/Pods-CursoIOS_Advanced.debug.xcconfig"; sourceTree = "<group>"; };
		50D62749D25F00A4189B566B /* Pods-CursoIOS_Advanced.release.xcconfig */ = {isa = PBXFileReference; includeInIndex = 1; lastKnownFileType = text.xcconfig; name = "Pods-CursoIOS_Advanced.release.xcconfig"; path = "Target Support Files/Pods-CursoIOS_Advanced/Pods-CursoIOS_Advanced.release.xcconfig"; sourceTree = "<group>"; };
		9BDD690CC8DE190F301BDB7A /* Pods_CursoIOS_Advanced.framework */ = {isa = PBXFileReference; explicitFileType = wrapper.framework; includeInIndex = 0; path = Pods_CursoIOS_Advanced.framework; sourceTree = BUILT_PRODUCTS_DIR; };
		D941B9202346488800194D64 /* Assets.xcassets */ = {isa = PBXFileReference; lastKnownFileType = folder.assetcatalog; path = Assets.xcassets; sourceTree = "<group>"; };
		D941B92323464B9900194D64 /* Splash.storyboard */ = {isa = PBXFileReference; lastKnownFileType = file.storyboard; path = Splash.storyboard; sourceTree = "<group>"; };
		D941B9252346515200194D64 /* UsersViewController.swift */ = {isa = PBXFileReference; lastKnownFileType = sourcecode.swift; path = UsersViewController.swift; sourceTree = "<group>"; };
		D941B92A234663C500194D64 /* PersonTableViewCell.swift */ = {isa = PBXFileReference; lastKnownFileType = sourcecode.swift; path = PersonTableViewCell.swift; sourceTree = "<group>"; };
		D941B92B234663C500194D64 /* PersonTableViewCell.xib */ = {isa = PBXFileReference; lastKnownFileType = file.xib; path = PersonTableViewCell.xib; sourceTree = "<group>"; };
		D941B931234666D600194D64 /* UIView+Utils.swift */ = {isa = PBXFileReference; lastKnownFileType = sourcecode.swift; path = "UIView+Utils.swift"; sourceTree = "<group>"; };
		D941B933234667DA00194D64 /* PersonCollectionViewCell.swift */ = {isa = PBXFileReference; lastKnownFileType = sourcecode.swift; path = PersonCollectionViewCell.swift; sourceTree = "<group>"; };
		D941B934234667DA00194D64 /* PersonCollectionViewCell.xib */ = {isa = PBXFileReference; lastKnownFileType = file.xib; path = PersonCollectionViewCell.xib; sourceTree = "<group>"; };
		D9C4CBE9234525A8009BCB55 /* CursoIOS_Advanced.app */ = {isa = PBXFileReference; explicitFileType = wrapper.application; includeInIndex = 0; path = CursoIOS_Advanced.app; sourceTree = BUILT_PRODUCTS_DIR; };
		D9C4CBEC234525A8009BCB55 /* AppDelegate.swift */ = {isa = PBXFileReference; lastKnownFileType = sourcecode.swift; path = AppDelegate.swift; sourceTree = "<group>"; };
		D9C4CBEE234525A8009BCB55 /* SceneDelegate.swift */ = {isa = PBXFileReference; lastKnownFileType = sourcecode.swift; path = SceneDelegate.swift; sourceTree = "<group>"; };
		D9C4CBF0234525A8009BCB55 /* SplashViewController.swift */ = {isa = PBXFileReference; lastKnownFileType = sourcecode.swift; path = SplashViewController.swift; sourceTree = "<group>"; };
		D9C4CBF3234525A8009BCB55 /* Base */ = {isa = PBXFileReference; lastKnownFileType = file.storyboard; name = Base; path = Base.lproj/Main.storyboard; sourceTree = "<group>"; };
		D9C4CBF8234525AA009BCB55 /* Base */ = {isa = PBXFileReference; lastKnownFileType = file.storyboard; name = Base; path = Base.lproj/LaunchScreen.storyboard; sourceTree = "<group>"; };
		D9C4CBFA234525AA009BCB55 /* Info.plist */ = {isa = PBXFileReference; lastKnownFileType = text.plist.xml; path = Info.plist; sourceTree = "<group>"; };
/* End PBXFileReference section */

/* Begin PBXFrameworksBuildPhase section */
		D9C4CBE6234525A8009BCB55 /* Frameworks */ = {
			isa = PBXFrameworksBuildPhase;
			buildActionMask = 2147483647;
			files = (
				AC594D989AD91D094F7D2F1A /* Pods_CursoIOS_Advanced.framework in Frameworks */,
			);
			runOnlyForDeploymentPostprocessing = 0;
		};
/* End PBXFrameworksBuildPhase section */

/* Begin PBXGroup section */
		1B92E17CB6E14E821A27BBE2 /* Frameworks */ = {
			isa = PBXGroup;
			children = (
				9BDD690CC8DE190F301BDB7A /* Pods_CursoIOS_Advanced.framework */,
			);
			name = Frameworks;
			sourceTree = "<group>";
		};
		5B304EA9B8B4130C6BC6D9D7 /* Pods */ = {
			isa = PBXGroup;
			children = (
				3E334555EE7CE85D968BD66E /* Pods-CursoIOS_Advanced.debug.xcconfig */,
				50D62749D25F00A4189B566B /* Pods-CursoIOS_Advanced.release.xcconfig */,
			);
			path = Pods;
			sourceTree = "<group>";
		};
		D941B9222346498F00194D64 /* Controllers */ = {
			isa = PBXGroup;
			children = (
				D9C4CBF0234525A8009BCB55 /* SplashViewController.swift */,
				D941B9252346515200194D64 /* UsersViewController.swift */,
			);
			path = Controllers;
			sourceTree = "<group>";
		};
		D941B9272346629600194D64 /* Cell */ = {
			isa = PBXGroup;
			children = (
				D941B92B234663C500194D64 /* PersonTableViewCell.xib */,
				D941B92A234663C500194D64 /* PersonTableViewCell.swift */,
				D941B933234667DA00194D64 /* PersonCollectionViewCell.swift */,
				D941B934234667DA00194D64 /* PersonCollectionViewCell.xib */,
			);
			path = Cell;
			sourceTree = "<group>";
		};
		D941B930234666BF00194D64 /* Extensions */ = {
			isa = PBXGroup;
			children = (
				D941B931234666D600194D64 /* UIView+Utils.swift */,
			);
			path = Extensions;
			sourceTree = "<group>";
		};
		D97C18C6234644FE0023D3EF /* Data */ = {
			isa = PBXGroup;
			children = (
			);
			path = Data;
			sourceTree = "<group>";
		};
		D97C18C82346454D0023D3EF /* Resources */ = {
			isa = PBXGroup;
			children = (
				D941B9202346488800194D64 /* Assets.xcassets */,
			);
			path = Resources;
			sourceTree = "<group>";
		};
		D97C18C9234645610023D3EF /* UI */ = {
			isa = PBXGroup;
			children = (
				D941B9272346629600194D64 /* Cell */,
				D941B9222346498F00194D64 /* Controllers */,
				D97C18CA2346456C0023D3EF /* Views */,
			);
			path = UI;
			sourceTree = "<group>";
		};
		D97C18CA2346456C0023D3EF /* Views */ = {
			isa = PBXGroup;
			children = (
				D9C4CBF2234525A8009BCB55 /* Main.storyboard */,
				D9C4CBF7234525AA009BCB55 /* LaunchScreen.storyboard */,
				D941B92323464B9900194D64 /* Splash.storyboard */,
			);
			path = Views;
			sourceTree = "<group>";
		};
		D97C18CC234646B10023D3EF /* App */ = {
			isa = PBXGroup;
			children = (
				D941B930234666BF00194D64 /* Extensions */,
				D9C4CBEC234525A8009BCB55 /* AppDelegate.swift */,
				D9C4CBEE234525A8009BCB55 /* SceneDelegate.swift */,
			);
			path = App;
			sourceTree = "<group>";
		};
		D9C4CBE0234525A8009BCB55 = {
			isa = PBXGroup;
			children = (
				D9C4CBEB234525A8009BCB55 /* CursoIOS_Advanced */,
				D9C4CBEA234525A8009BCB55 /* Products */,
				5B304EA9B8B4130C6BC6D9D7 /* Pods */,
				1B92E17CB6E14E821A27BBE2 /* Frameworks */,
			);
			sourceTree = "<group>";
		};
		D9C4CBEA234525A8009BCB55 /* Products */ = {
			isa = PBXGroup;
			children = (
				D9C4CBE9234525A8009BCB55 /* CursoIOS_Advanced.app */,
			);
			name = Products;
			sourceTree = "<group>";
		};
		D9C4CBEB234525A8009BCB55 /* CursoIOS_Advanced */ = {
			isa = PBXGroup;
			children = (
				D9C4CBFA234525AA009BCB55 /* Info.plist */,
				D97C18CC234646B10023D3EF /* App */,
				D97C18C82346454D0023D3EF /* Resources */,
				D97C18C6234644FE0023D3EF /* Data */,
				D97C18C9234645610023D3EF /* UI */,
			);
			path = CursoIOS_Advanced;
			sourceTree = "<group>";
		};
/* End PBXGroup section */

/* Begin PBXNativeTarget section */
		D9C4CBE8234525A8009BCB55 /* CursoIOS_Advanced */ = {
			isa = PBXNativeTarget;
			buildConfigurationList = D9C4CBFD234525AA009BCB55 /* Build configuration list for PBXNativeTarget "CursoIOS_Advanced" */;
			buildPhases = (
				03D1B01CAB8DF602E2661992 /* [CP] Check Pods Manifest.lock */,
				D9C4CBE5234525A8009BCB55 /* Sources */,
				D9C4CBE6234525A8009BCB55 /* Frameworks */,
				D9C4CBE7234525A8009BCB55 /* Resources */,
				AFF2ECC2573D663A6D99F95D /* [CP] Embed Pods Frameworks */,
			);
			buildRules = (
			);
			dependencies = (
			);
			name = CursoIOS_Advanced;
			productName = CursoIOS_Advanced;
			productReference = D9C4CBE9234525A8009BCB55 /* CursoIOS_Advanced.app */;
			productType = "com.apple.product-type.application";
		};
/* End PBXNativeTarget section */

/* Begin PBXProject section */
		D9C4CBE1234525A8009BCB55 /* Project object */ = {
			isa = PBXProject;
			attributes = {
				LastSwiftUpdateCheck = 1100;
				LastUpgradeCheck = 1100;
				ORGANIZATIONNAME = "Paulo Galeano";
				TargetAttributes = {
					D9C4CBE8234525A8009BCB55 = {
						CreatedOnToolsVersion = 11.0;
					};
				};
			};
			buildConfigurationList = D9C4CBE4234525A8009BCB55 /* Build configuration list for PBXProject "CursoIOS_Advanced" */;
			compatibilityVersion = "Xcode 9.3";
			developmentRegion = en;
			hasScannedForEncodings = 0;
			knownRegions = (
				en,
				Base,
			);
			mainGroup = D9C4CBE0234525A8009BCB55;
			productRefGroup = D9C4CBEA234525A8009BCB55 /* Products */;
			projectDirPath = "";
			projectRoot = "";
			targets = (
				D9C4CBE8234525A8009BCB55 /* CursoIOS_Advanced */,
			);
		};
/* End PBXProject section */

/* Begin PBXResourcesBuildPhase section */
		D9C4CBE7234525A8009BCB55 /* Resources */ = {
			isa = PBXResourcesBuildPhase;
			buildActionMask = 2147483647;
			files = (
				D9C4CBF9234525AA009BCB55 /* LaunchScreen.storyboard in Resources */,
				D941B936234667DA00194D64 /* PersonCollectionViewCell.xib in Resources */,
				D941B9212346488800194D64 /* Assets.xcassets in Resources */,
				D9C4CBF4234525A8009BCB55 /* Main.storyboard in Resources */,
				D941B92423464B9900194D64 /* Splash.storyboard in Resources */,
				D941B92D234663C500194D64 /* PersonTableViewCell.xib in Resources */,
			);
			runOnlyForDeploymentPostprocessing = 0;
		};
/* End PBXResourcesBuildPhase section */

/* Begin PBXShellScriptBuildPhase section */
		03D1B01CAB8DF602E2661992 /* [CP] Check Pods Manifest.lock */ = {
			isa = PBXShellScriptBuildPhase;
			buildActionMask = 2147483647;
			files = (
			);
			inputFileListPaths = (
			);
			inputPaths = (
				"${PODS_PODFILE_DIR_PATH}/Podfile.lock",
				"${PODS_ROOT}/Manifest.lock",
			);
			name = "[CP] Check Pods Manifest.lock";
			outputFileListPaths = (
			);
			outputPaths = (
				"$(DERIVED_FILE_DIR)/Pods-CursoIOS_Advanced-checkManifestLockResult.txt",
			);
			runOnlyForDeploymentPostprocessing = 0;
			shellPath = /bin/sh;
			shellScript = "diff \"${PODS_PODFILE_DIR_PATH}/Podfile.lock\" \"${PODS_ROOT}/Manifest.lock\" > /dev/null\nif [ $? != 0 ] ; then\n    # print error to STDERR\n    echo \"error: The sandbox is not in sync with the Podfile.lock. Run 'pod install' or update your CocoaPods installation.\" >&2\n    exit 1\nfi\n# This output is used by Xcode 'outputs' to avoid re-running this script phase.\necho \"SUCCESS\" > \"${SCRIPT_OUTPUT_FILE_0}\"\n";
			showEnvVarsInLog = 0;
		};
		AFF2ECC2573D663A6D99F95D /* [CP] Embed Pods Frameworks */ = {
			isa = PBXShellScriptBuildPhase;
			buildActionMask = 2147483647;
			files = (
			);
			inputFileListPaths = (
				"${PODS_ROOT}/Target Support Files/Pods-CursoIOS_Advanced/Pods-CursoIOS_Advanced-frameworks-${CONFIGURATION}-input-files.xcfilelist",
			);
			name = "[CP] Embed Pods Frameworks";
			outputFileListPaths = (
				"${PODS_ROOT}/Target Support Files/Pods-CursoIOS_Advanced/Pods-CursoIOS_Advanced-frameworks-${CONFIGURATION}-output-files.xcfilelist",
			);
			runOnlyForDeploymentPostprocessing = 0;
			shellPath = /bin/sh;
			shellScript = "\"${PODS_ROOT}/Target Support Files/Pods-CursoIOS_Advanced/Pods-CursoIOS_Advanced-frameworks.sh\"\n";
			showEnvVarsInLog = 0;
		};
/* End PBXShellScriptBuildPhase section */

/* Begin PBXSourcesBuildPhase section */
		D9C4CBE5234525A8009BCB55 /* Sources */ = {
			isa = PBXSourcesBuildPhase;
			buildActionMask = 2147483647;
			files = (
				D9C4CBF1234525A8009BCB55 /* SplashViewController.swift in Sources */,
				D941B92C234663C500194D64 /* PersonTableViewCell.swift in Sources */,
				D941B9262346515200194D64 /* UsersViewController.swift in Sources */,
				D9C4CBED234525A8009BCB55 /* AppDelegate.swift in Sources */,
				D941B932234666D600194D64 /* UIView+Utils.swift in Sources */,
				D941B935234667DA00194D64 /* PersonCollectionViewCell.swift in Sources */,
				D9C4CBEF234525A8009BCB55 /* SceneDelegate.swift in Sources */,
			);
			runOnlyForDeploymentPostprocessing = 0;
		};
/* End PBXSourcesBuildPhase section */

/* Begin PBXVariantGroup section */
		D9C4CBF2234525A8009BCB55 /* Main.storyboard */ = {
			isa = PBXVariantGroup;
			children = (
				D9C4CBF3234525A8009BCB55 /* Base */,
			);
			name = Main.storyboard;
			sourceTree = "<group>";
		};
		D9C4CBF7234525AA009BCB55 /* LaunchScreen.storyboard */ = {
			isa = PBXVariantGroup;
			children = (
				D9C4CBF8234525AA009BCB55 /* Base */,
			);
			name = LaunchScreen.storyboard;
			sourceTree = "<group>";
		};
/* End PBXVariantGroup section */

/* Begin XCBuildConfiguration section */
		D9C4CBFB234525AA009BCB55 /* Debug */ = {
			isa = XCBuildConfiguration;
			buildSettings = {
				ALWAYS_SEARCH_USER_PATHS = NO;
				CLANG_ANALYZER_NONNULL = YES;
				CLANG_ANALYZER_NUMBER_OBJECT_CONVERSION = YES_AGGRESSIVE;
				CLANG_CXX_LANGUAGE_STANDARD = "gnu++14";
				CLANG_CXX_LIBRARY = "libc++";
				CLANG_ENABLE_MODULES = YES;
				CLANG_ENABLE_OBJC_ARC = YES;
				CLANG_ENABLE_OBJC_WEAK = YES;
				CLANG_WARN_BLOCK_CAPTURE_AUTORELEASING = YES;
				CLANG_WARN_BOOL_CONVERSION = YES;
				CLANG_WARN_COMMA = YES;
				CLANG_WARN_CONSTANT_CONVERSION = YES;
				CLANG_WARN_DEPRECATED_OBJC_IMPLEMENTATIONS = YES;
				CLANG_WARN_DIRECT_OBJC_ISA_USAGE = YES_ERROR;
				CLANG_WARN_DOCUMENTATION_COMMENTS = YES;
				CLANG_WARN_EMPTY_BODY = YES;
				CLANG_WARN_ENUM_CONVERSION = YES;
				CLANG_WARN_INFINITE_RECURSION = YES;
				CLANG_WARN_INT_CONVERSION = YES;
				CLANG_WARN_NON_LITERAL_NULL_CONVERSION = YES;
				CLANG_WARN_OBJC_IMPLICIT_RETAIN_SELF = YES;
				CLANG_WARN_OBJC_LITERAL_CONVERSION = YES;
				CLANG_WARN_OBJC_ROOT_CLASS = YES_ERROR;
				CLANG_WARN_RANGE_LOOP_ANALYSIS = YES;
				CLANG_WARN_STRICT_PROTOTYPES = YES;
				CLANG_WARN_SUSPICIOUS_MOVE = YES;
				CLANG_WARN_UNGUARDED_AVAILABILITY = YES_AGGRESSIVE;
				CLANG_WARN_UNREACHABLE_CODE = YES;
				CLANG_WARN__DUPLICATE_METHOD_MATCH = YES;
				COPY_PHASE_STRIP = NO;
				DEBUG_INFORMATION_FORMAT = dwarf;
				ENABLE_STRICT_OBJC_MSGSEND = YES;
				ENABLE_TESTABILITY = YES;
				GCC_C_LANGUAGE_STANDARD = gnu11;
				GCC_DYNAMIC_NO_PIC = NO;
				GCC_NO_COMMON_BLOCKS = YES;
				GCC_OPTIMIZATION_LEVEL = 0;
				GCC_PREPROCESSOR_DEFINITIONS = (
					"DEBUG=1",
					"$(inherited)",
				);
				GCC_WARN_64_TO_32_BIT_CONVERSION = YES;
				GCC_WARN_ABOUT_RETURN_TYPE = YES_ERROR;
				GCC_WARN_UNDECLARED_SELECTOR = YES;
				GCC_WARN_UNINITIALIZED_AUTOS = YES_AGGRESSIVE;
				GCC_WARN_UNUSED_FUNCTION = YES;
				GCC_WARN_UNUSED_VARIABLE = YES;
				IPHONEOS_DEPLOYMENT_TARGET = 13.0;
				MTL_ENABLE_DEBUG_INFO = INCLUDE_SOURCE;
				MTL_FAST_MATH = YES;
				ONLY_ACTIVE_ARCH = YES;
				SDKROOT = iphoneos;
				SWIFT_ACTIVE_COMPILATION_CONDITIONS = DEBUG;
				SWIFT_OPTIMIZATION_LEVEL = "-Onone";
			};
			name = Debug;
		};
		D9C4CBFC234525AA009BCB55 /* Release */ = {
			isa = XCBuildConfiguration;
			buildSettings = {
				ALWAYS_SEARCH_USER_PATHS = NO;
				CLANG_ANALYZER_NONNULL = YES;
				CLANG_ANALYZER_NUMBER_OBJECT_CONVERSION = YES_AGGRESSIVE;
				CLANG_CXX_LANGUAGE_STANDARD = "gnu++14";
				CLANG_CXX_LIBRARY = "libc++";
				CLANG_ENABLE_MODULES = YES;
				CLANG_ENABLE_OBJC_ARC = YES;
				CLANG_ENABLE_OBJC_WEAK = YES;
				CLANG_WARN_BLOCK_CAPTURE_AUTORELEASING = YES;
				CLANG_WARN_BOOL_CONVERSION = YES;
				CLANG_WARN_COMMA = YES;
				CLANG_WARN_CONSTANT_CONVERSION = YES;
				CLANG_WARN_DEPRECATED_OBJC_IMPLEMENTATIONS = YES;
				CLANG_WARN_DIRECT_OBJC_ISA_USAGE = YES_ERROR;
				CLANG_WARN_DOCUMENTATION_COMMENTS = YES;
				CLANG_WARN_EMPTY_BODY = YES;
				CLANG_WARN_ENUM_CONVERSION = YES;
				CLANG_WARN_INFINITE_RECURSION = YES;
				CLANG_WARN_INT_CONVERSION = YES;
				CLANG_WARN_NON_LITERAL_NULL_CONVERSION = YES;
				CLANG_WARN_OBJC_IMPLICIT_RETAIN_SELF = YES;
				CLANG_WARN_OBJC_LITERAL_CONVERSION = YES;
				CLANG_WARN_OBJC_ROOT_CLASS = YES_ERROR;
				CLANG_WARN_RANGE_LOOP_ANALYSIS = YES;
				CLANG_WARN_STRICT_PROTOTYPES = YES;
				CLANG_WARN_SUSPICIOUS_MOVE = YES;
				CLANG_WARN_UNGUARDED_AVAILABILITY = YES_AGGRESSIVE;
				CLANG_WARN_UNREACHABLE_CODE = YES;
				CLANG_WARN__DUPLICATE_METHOD_MATCH = YES;
				COPY_PHASE_STRIP = NO;
				DEBUG_INFORMATION_FORMAT = "dwarf-with-dsym";
				ENABLE_NS_ASSERTIONS = NO;
				ENABLE_STRICT_OBJC_MSGSEND = YES;
				GCC_C_LANGUAGE_STANDARD = gnu11;
				GCC_NO_COMMON_BLOCKS = YES;
				GCC_WARN_64_TO_32_BIT_CONVERSION = YES;
				GCC_WARN_ABOUT_RETURN_TYPE = YES_ERROR;
				GCC_WARN_UNDECLARED_SELECTOR = YES;
				GCC_WARN_UNINITIALIZED_AUTOS = YES_AGGRESSIVE;
				GCC_WARN_UNUSED_FUNCTION = YES;
				GCC_WARN_UNUSED_VARIABLE = YES;
				IPHONEOS_DEPLOYMENT_TARGET = 13.0;
				MTL_ENABLE_DEBUG_INFO = NO;
				MTL_FAST_MATH = YES;
				SDKROOT = iphoneos;
				SWIFT_COMPILATION_MODE = wholemodule;
				SWIFT_OPTIMIZATION_LEVEL = "-O";
				VALIDATE_PRODUCT = YES;
			};
			name = Release;
		};
		D9C4CBFE234525AA009BCB55 /* Debug */ = {
			isa = XCBuildConfiguration;
			baseConfigurationReference = 3E334555EE7CE85D968BD66E /* Pods-CursoIOS_Advanced.debug.xcconfig */;
			buildSettings = {
				ASSETCATALOG_COMPILER_APPICON_NAME = AppIcon;
				CODE_SIGN_STYLE = Automatic;
				INFOPLIST_FILE = CursoIOS_Advanced/Info.plist;
				LD_RUNPATH_SEARCH_PATHS = (
					"$(inherited)",
					"@executable_path/Frameworks",
				);
				PRODUCT_BUNDLE_IDENTIFIER = "com.PCgc.CursoIOS-Advanced";
				PRODUCT_NAME = "$(TARGET_NAME)";
				SWIFT_VERSION = 5.0;
				TARGETED_DEVICE_FAMILY = "1,2";
			};
			name = Debug;
		};
		D9C4CBFF234525AA009BCB55 /* Release */ = {
			isa = XCBuildConfiguration;
			baseConfigurationReference = 50D62749D25F00A4189B566B /* Pods-CursoIOS_Advanced.release.xcconfig */;
			buildSettings = {
				ASSETCATALOG_COMPILER_APPICON_NAME = AppIcon;
				CODE_SIGN_STYLE = Automatic;
				INFOPLIST_FILE = CursoIOS_Advanced/Info.plist;
				LD_RUNPATH_SEARCH_PATHS = (
					"$(inherited)",
					"@executable_path/Frameworks",
				);
				PRODUCT_BUNDLE_IDENTIFIER = "com.PCgc.CursoIOS-Advanced";
				PRODUCT_NAME = "$(TARGET_NAME)";
				SWIFT_VERSION = 5.0;
				TARGETED_DEVICE_FAMILY = "1,2";
			};
			name = Release;
		};
/* End XCBuildConfiguration section */

/* Begin XCConfigurationList section */
		D9C4CBE4234525A8009BCB55 /* Build configuration list for PBXProject "CursoIOS_Advanced" */ = {
			isa = XCConfigurationList;
			buildConfigurations = (
				D9C4CBFB234525AA009BCB55 /* Debug */,
				D9C4CBFC234525AA009BCB55 /* Release */,
			);
			defaultConfigurationIsVisible = 0;
			defaultConfigurationName = Release;
		};
		D9C4CBFD234525AA009BCB55 /* Build configuration list for PBXNativeTarget "CursoIOS_Advanced" */ = {
			isa = XCConfigurationList;
			buildConfigurations = (
				D9C4CBFE234525AA009BCB55 /* Debug */,
				D9C4CBFF234525AA009BCB55 /* Release */,
			);
			defaultConfigurationIsVisible = 0;
			defaultConfigurationName = Release;
		};
/* End XCConfigurationList section */
	};
	rootObject = D9C4CBE1234525A8009BCB55 /* Project object */;
}
